# @generated by Move, please check-in and do not edit manually.

[move]
version = 2
manifest_digest = "46237532E69A915252CA1CEA72E1CC2A30B08880E38C540C74AC739779316C96"
deps_digest = "3C4103934B1E040BB6B23F1D610B4EF9F2F1166A50A104EADCF77467C004C600"
dependencies = [
  { name = "Sui" },
  { name = "suins" },
]

[[move.package]]
name = "MoveStdlib"
source = { git = "https://github.com/MystenLabs/sui.git", rev = "testnet-v1.31.1", subdir = "crates/sui-framework/packages/move-stdlib" }

[[move.package]]
name = "Sui"
source = { git = "https://github.com/MystenLabs/sui.git", rev = "testnet-v1.31.1", subdir = "crates/sui-framework/packages/sui-framework" }

dependencies = [
  { name = "MoveStdlib" },
]

[[move.package]]
name = "suins"
source = { local = "lib/suins" }

dependencies = [
  { name = "Sui" },
]

[move.toolchain-version]
compiler-version = "1.32.0"
edition = "2024.beta"
flavor = "sui"

[env]

[env.testnet]
chain-id = "4c78adac"
original-published-id = "0xa8caadd5511a0d822589813fa28ea59477b1ad0d9ce7dc1dc3f48abae9733e5b"
latest-published-id = "0xa8caadd5511a0d822589813fa28ea59477b1ad0d9ce7dc1dc3f48abae9733e5b"
published-version = "1"
