# @generated by Move, please check-in and do not edit manually.

[move]
version = 2
manifest_digest = "4B82835F5529A385344843F28662882F47FB3A824A377D00F1DF45C450D8FC19"
deps_digest = "060AD7E57DFB13104F21BE5F5C3759D03F0553FC3229247D9A7A6B45F50D03A3"
dependencies = [
  { name = "Sui" },
  { name = "blob_store" },
  { name = "suins" },
]

[[move.package]]
name = "MoveStdlib"
source = { git = "https://github.com/MystenLabs/sui.git", rev = "testnet-v1.31.1", subdir = "crates/sui-framework/packages/move-stdlib" }

[[move.package]]
name = "Sui"
source = { git = "https://github.com/MystenLabs/sui.git", rev = "testnet-v1.31.1", subdir = "crates/sui-framework/packages/sui-framework" }

dependencies = [
  { name = "MoveStdlib" },
]

[[move.package]]
name = "blob_store"
source = { local = "blob_store" }

dependencies = [
  { name = "Sui" },
]

[[move.package]]
name = "suins"
source = { local = "suins" }

dependencies = [
  { name = "Sui" },
]

[move.toolchain-version]
compiler-version = "1.31.1"
edition = "2024.beta"
flavor = "sui"

[env]

[env.testnet]
chain-id = "4c78adac"
original-published-id = "0x1cdb9b0a0308b66adb1061cd9cabfff4dbe821fc1524f67840d3a6894254a65c"
latest-published-id = "0x1cdb9b0a0308b66adb1061cd9cabfff4dbe821fc1524f67840d3a6894254a65c"
published-version = "1"
